
Microsoft Visual Studio Solution File, Format Version 12.00
Project("{FAE04EC0-301F-11D3-BF4B-00C04F79EFBC}") = "IdentityServer4.Mock", "IdentityServer4.Mock.csproj", "{56296462-9857-490E-B431-597ACFD07755}"
EndProject
Project("{FAE04EC0-301F-11D3-BF4B-00C04F79EFBC}") = "IdentityServer4.Mock.Tests", "..\..\test\IdentityServer4.Mock.Tests\IdentityServer4.Mock.Tests.csproj", "{F2E900F8-CE93-4AFA-8924-A534CD413A2E}"
EndProject
Global
	GlobalSection(SolutionConfigurationPlatforms) = preSolution
		Debug|Any CPU = Debug|Any CPU
		Release|Any CPU = Release|Any CPU
	EndGlobalSection
	GlobalSection(ProjectConfigurationPlatforms) = postSolution
		{56296462-9857-490E-B431-597ACFD07755}.Debug|Any CPU.ActiveCfg = Debug|Any CPU
		{56296462-9857-490E-B431-597ACFD07755}.Debug|Any CPU.Build.0 = Debug|Any CPU
		{56296462-9857-490E-B431-597ACFD07755}.Release|Any CPU.ActiveCfg = Release|Any CPU
		{56296462-9857-490E-B431-597ACFD07755}.Release|Any CPU.Build.0 = Release|Any CPU
		{F2E900F8-CE93-4AFA-8924-A534CD413A2E}.Debug|Any CPU.ActiveCfg = Debug|Any CPU
		{F2E900F8-CE93-4AFA-8924-A534CD413A2E}.Debug|Any CPU.Build.0 = Debug|Any CPU
		{F2E900F8-CE93-4AFA-8924-A534CD413A2E}.Release|Any CPU.ActiveCfg = Release|Any CPU
		{F2E900F8-CE93-4AFA-8924-A534CD413A2E}.Release|Any CPU.Build.0 = Release|Any CPU
	EndGlobalSection
EndGlobal
